
Microsoft Visual Studio Solution File, Format Version 12.00
# Visual Studio 2012
Project("{FAE04EC0-301F-11D3-BF4B-00C04F79EFBC}") = "Leaf", "Leaf\Leaf.csproj", "{B99F4110-1553-48D9-8113-63E9DE6CE1C8}"
EndProject
Global
	GlobalSection(SolutionConfigurationPlatforms) = preSolution
		Debug|Any CPU = Debug|Any CPU
		Release|Any CPU = Release|Any CPU
	EndGlobalSection
	GlobalSection(ProjectConfigurationPlatforms) = postSolution
		{B99F4110-1553-48D9-8113-63E9DE6CE1C8}.Debug|Any CPU.ActiveCfg = Debug|Any CPU
		{B99F4110-1553-48D9-8113-63E9DE6CE1C8}.Debug|Any CPU.Build.0 = Debug|Any CPU
		{B99F4110-1553-48D9-8113-63E9DE6CE1C8}.Release|Any CPU.ActiveCfg = Release|Any CPU
		{B99F4110-1553-48D9-8113-63E9DE6CE1C8}.Release|Any CPU.Build.0 = Release|Any CPU
	EndGlobalSection
	GlobalSection(SolutionProperties) = preSolution
		HideSolutionNode = FALSE
	EndGlobalSection
EndGlobal
